# This file was autogenerated by Stack.
# You should not edit this file by hand.
# For more information, please see the documentation at:
#   https://docs.haskellstack.org/en/stable/lock_files

packages:
- completed:
    commit: 45c7e768136e4c30e97dc9b9df1cfc0fafe9464b
    git: https://github.com/mtaylor91/iam-mtaylor-io-core.git
    name: iam-mtaylor-io-core
    pantry-tree:
      sha256: 34ab091a61b748592c1c6975b8c93495eb0317d1cb8fcde35098b6772f6b7ca3
      size: 1896
    version: 0.1.0.0
  original:
    commit: 45c7e768136e4c30e97dc9b9df1cfc0fafe9464b
    git: https://github.com/mtaylor91/iam-mtaylor-io-core.git
snapshots:
- completed:
    sha256: a81fb3877c4f9031e1325eb3935122e608d80715dc16b586eb11ddbff8671ecd
    size: 640086
    url: https://raw.githubusercontent.com/commercialhaskell/stackage-snapshots/master/lts/21/25.yaml
  original:
    url: https://raw.githubusercontent.com/commercialhaskell/stackage-snapshots/master/lts/21/25.yaml
