# This file was autogenerated by Stack.
# You should not edit this file by hand.
# For more information, please see the documentation at:
#   https://docs.haskellstack.org/en/stable/lock_files

packages:
- completed:
    commit: 4fa36b4308c8645d38bfe4749c744b638699d006
    git: https://github.com/mtaylorio/iam-core.git
    name: mtaylor-io-iam-core
    pantry-tree:
      sha256: 361e0713610d3e8199ee2e905f84094761ba730f645daf98de48d084d349f21e
      size: 1896
    version: 0.1.0.0
  original:
    commit: 4fa36b4308c8645d38bfe4749c744b638699d006
    git: https://github.com/mtaylorio/iam-core.git
snapshots:
- completed:
    sha256: a81fb3877c4f9031e1325eb3935122e608d80715dc16b586eb11ddbff8671ecd
    size: 640086
    url: https://raw.githubusercontent.com/commercialhaskell/stackage-snapshots/master/lts/21/25.yaml
  original:
    url: https://raw.githubusercontent.com/commercialhaskell/stackage-snapshots/master/lts/21/25.yaml
