# This file was autogenerated by Stack.
# You should not edit this file by hand.
# For more information, please see the documentation at:
#   https://docs.haskellstack.org/en/stable/lock_files

packages:
- completed:
    commit: ebb1465d90f7408970c441ea14a84ef45d61154c
    git: https://github.com/mtaylor91/iam-mtaylor-io-core.git
    name: iam-mtaylor-io-core
    pantry-tree:
      sha256: 05a52842c5276378a7a736e6c46d4da257bc76392c0d491db850ca9b0a52becd
      size: 1896
    version: 0.1.0.0
  original:
    commit: ebb1465d90f7408970c441ea14a84ef45d61154c
    git: https://github.com/mtaylor91/iam-mtaylor-io-core.git
snapshots:
- completed:
    sha256: a81fb3877c4f9031e1325eb3935122e608d80715dc16b586eb11ddbff8671ecd
    size: 640086
    url: https://raw.githubusercontent.com/commercialhaskell/stackage-snapshots/master/lts/21/25.yaml
  original:
    url: https://raw.githubusercontent.com/commercialhaskell/stackage-snapshots/master/lts/21/25.yaml
